
Microsoft Visual Studio Solution File, Format Version 12.00
# Visual Studio Version 17
VisualStudioVersion = 17.3.32825.248
MinimumVisualStudioVersion = 10.0.40219.1
Project("{FAE04EC0-301F-11D3-BF4B-00C04F79EFBC}") = "NftMarketPlaceAPI", "NftMarketPlaceAPI.csproj", "{146A6F79-224F-4043-9AC4-19B999A9C4D3}"
EndProject
Global
	GlobalSection(SolutionConfigurationPlatforms) = preSolution
		Debug|Any CPU = Debug|Any CPU
		Release|Any CPU = Release|Any CPU
	EndGlobalSection
	GlobalSection(ProjectConfigurationPlatforms) = postSolution
		{146A6F79-224F-4043-9AC4-19B999A9C4D3}.Debug|Any CPU.ActiveCfg = Debug|Any CPU
		{146A6F79-224F-4043-9AC4-19B999A9C4D3}.Debug|Any CPU.Build.0 = Debug|Any CPU
		{146A6F79-224F-4043-9AC4-19B999A9C4D3}.Release|Any CPU.ActiveCfg = Release|Any CPU
		{146A6F79-224F-4043-9AC4-19B999A9C4D3}.Release|Any CPU.Build.0 = Release|Any CPU
	EndGlobalSection
	GlobalSection(SolutionProperties) = preSolution
		HideSolutionNode = FALSE
	EndGlobalSection
	GlobalSection(ExtensibilityGlobals) = postSolution
		SolutionGuid = {EA9DE6F4-A023-42F3-BFA4-6533C7CED380}
	EndGlobalSection
EndGlobal
